
Microsoft Visual Studio Solution File, Format Version 12.00
# Visual Studio Version 17
VisualStudioVersion = 17.9.34723.18
MinimumVisualStudioVersion = 10.0.40219.1
Project("{FAE04EC0-301F-11D3-BF4B-00C04F79EFBC}") = "spore", "spore\spore.csproj", "{BAB9DBD5-3370-4F02-86E4-BA4B712A5008}"
EndProject
Global
	GlobalSection(SolutionConfigurationPlatforms) = preSolution
		Debug|Any CPU = Debug|Any CPU
		Release|Any CPU = Release|Any CPU
	EndGlobalSection
	GlobalSection(ProjectConfigurationPlatforms) = postSolution
		{BAB9DBD5-3370-4F02-86E4-BA4B712A5008}.Debug|Any CPU.ActiveCfg = Debug|Any CPU
		{BAB9DBD5-3370-4F02-86E4-BA4B712A5008}.Debug|Any CPU.Build.0 = Debug|Any CPU
		{BAB9DBD5-3370-4F02-86E4-BA4B712A5008}.Release|Any CPU.ActiveCfg = Release|Any CPU
		{BAB9DBD5-3370-4F02-86E4-BA4B712A5008}.Release|Any CPU.Build.0 = Release|Any CPU
	EndGlobalSection
	GlobalSection(SolutionProperties) = preSolution
		HideSolutionNode = FALSE
	EndGlobalSection
	GlobalSection(ExtensibilityGlobals) = postSolution
		SolutionGuid = {F79EDBD9-DE3B-495F-ADF1-3A47BE5C9E3E}
	EndGlobalSection
EndGlobal
